// !$*UTF8*$!
{
	archiveVersion = 1;
	classes = {
	};
	objectVersion = 51;
	objects = {

/* Begin PBXBuildFile section */
		81F442E2AF4F16BAD486708A /* Pods_flixster.framework in Frameworks */ = {isa = PBXBuildFile; fileRef = 9DEC4ACE16F90B030FCA923A /* Pods_flixster.framework */; };
		AB2EAAD68ED9F659B0112538 /* Pods_flixster_flixsterUITests.framework in Frameworks */ = {isa = PBXBuildFile; fileRef = 8B9BCC9147E0C514695F2337 /* Pods_flixster_flixsterUITests.framework */; };
		D7DE04B81B0CD395512B46F6 /* Pods_flixsterTests.framework in Frameworks */ = {isa = PBXBuildFile; fileRef = 97D3DBEEB632D97ADE1F7C51 /* Pods_flixsterTests.framework */; };
		E783B2612528280D00672192 /* flixster.gif in Resources */ = {isa = PBXBuildFile; fileRef = E783B2602528280D00672192 /* flixster.gif */; };
		E783B26625282B7700672192 /* flixster2.gif in Resources */ = {isa = PBXBuildFile; fileRef = E783B26525282B7700672192 /* flixster2.gif */; };
		E7A2BD382522521200AF28AB /* MovieGridViewController.swift in Sources */ = {isa = PBXBuildFile; fileRef = E7A2BD372522521200AF28AB /* MovieGridViewController.swift */; };
		E7A35A98251826B200ADA20A /* AppDelegate.swift in Sources */ = {isa = PBXBuildFile; fileRef = E7A35A97251826B200ADA20A /* AppDelegate.swift */; };
		E7A35A9A251826B200ADA20A /* SceneDelegate.swift in Sources */ = {isa = PBXBuildFile; fileRef = E7A35A99251826B200ADA20A /* SceneDelegate.swift */; };
		E7A35A9F251826B200ADA20A /* Main.storyboard in Resources */ = {isa = PBXBuildFile; fileRef = E7A35A9D251826B200ADA20A /* Main.storyboard */; };
		E7A35AA1251826B400ADA20A /* Assets.xcassets in Resources */ = {isa = PBXBuildFile; fileRef = E7A35AA0251826B400ADA20A /* Assets.xcassets */; };
		E7A35AA4251826B400ADA20A /* LaunchScreen.storyboard in Resources */ = {isa = PBXBuildFile; fileRef = E7A35AA2251826B400ADA20A /* LaunchScreen.storyboard */; };
		E7A35AAF251826B400ADA20A /* flixsterTests.swift in Sources */ = {isa = PBXBuildFile; fileRef = E7A35AAE251826B400ADA20A /* flixsterTests.swift */; };
		E7A35ABA251826B400ADA20A /* flixsterUITests.swift in Sources */ = {isa = PBXBuildFile; fileRef = E7A35AB9251826B400ADA20A /* flixsterUITests.swift */; };
		E7A35AC82518284B00ADA20A /* MoviesViewController.swift in Sources */ = {isa = PBXBuildFile; fileRef = E7A35AC72518284B00ADA20A /* MoviesViewController.swift */; };
		E7A35ACE251843AF00ADA20A /* MovieCell.swift in Sources */ = {isa = PBXBuildFile; fileRef = E7A35ACD251843AF00ADA20A /* MovieCell.swift */; };
		E7AA00BD2521673100162175 /* MovieDetailsViewController.swift in Sources */ = {isa = PBXBuildFile; fileRef = E7AA00BC2521673100162175 /* MovieDetailsViewController.swift */; };
		E7EC9314252256C200411BDC /* MovieGridCell.swift in Sources */ = {isa = PBXBuildFile; fileRef = E7EC9313252256C200411BDC /* MovieGridCell.swift */; };
/* End PBXBuildFile section */

/* Begin PBXContainerItemProxy section */
		E7A35AAB251826B400ADA20A /* PBXContainerItemProxy */ = {
			isa = PBXContainerItemProxy;
			containerPortal = E7A35A8C251826B200ADA20A /* Project object */;
			proxyType = 1;
			remoteGlobalIDString = E7A35A93251826B200ADA20A;
			remoteInfo = flixster;
		};
		E7A35AB6251826B400ADA20A /* PBXContainerItemProxy */ = {
			isa = PBXContainerItemProxy;
			containerPortal = E7A35A8C251826B200ADA20A /* Project object */;
			proxyType = 1;
			remoteGlobalIDString = E7A35A93251826B200ADA20A;
			remoteInfo = flixster;
		};
/* End PBXContainerItemProxy section */

/* Begin PBXFileReference section */
		308AEFEC4A3EAF929C150AA4 /* Pods-flixster-flixsterUITests.debug.xcconfig */ = {isa = PBXFileReference; includeInIndex = 1; lastKnownFileType = text.xcconfig; name = "Pods-flixster-flixsterUITests.debug.xcconfig"; path = "Target Support Files/Pods-flixster-flixsterUITests/Pods-flixster-flixsterUITests.debug.xcconfig"; sourceTree = "<group>"; };
		335C10693AD98ADE506046BE /* Pods-flixsterTests.debug.xcconfig */ = {isa = PBXFileReference; includeInIndex = 1; lastKnownFileType = text.xcconfig; name = "Pods-flixsterTests.debug.xcconfig"; path = "Target Support Files/Pods-flixsterTests/Pods-flixsterTests.debug.xcconfig"; sourceTree = "<group>"; };
		61DC66E41D77526C5DB02D54 /* Pods-flixster.release.xcconfig */ = {isa = PBXFileReference; includeInIndex = 1; lastKnownFileType = text.xcconfig; name = "Pods-flixster.release.xcconfig"; path = "Target Support Files/Pods-flixster/Pods-flixster.release.xcconfig"; sourceTree = "<group>"; };
		8B9BCC9147E0C514695F2337 /* Pods_flixster_flixsterUITests.framework */ = {isa = PBXFileReference; explicitFileType = wrapper.framework; includeInIndex = 0; path = Pods_flixster_flixsterUITests.framework; sourceTree = BUILT_PRODUCTS_DIR; };
		95708A13A79790B8A63FE83D /* Pods-flixster.debug.xcconfig */ = {isa = PBXFileReference; includeInIndex = 1; lastKnownFileType = text.xcconfig; name = "Pods-flixster.debug.xcconfig"; path = "Target Support Files/Pods-flixster/Pods-flixster.debug.xcconfig"; sourceTree = "<group>"; };
		97D3DBEEB632D97ADE1F7C51 /* Pods_flixsterTests.framework */ = {isa = PBXFileReference; explicitFileType = wrapper.framework; includeInIndex = 0; path = Pods_flixsterTests.framework; sourceTree = BUILT_PRODUCTS_DIR; };
		9DEC4ACE16F90B030FCA923A /* Pods_flixster.framework */ = {isa = PBXFileReference; explicitFileType = wrapper.framework; includeInIndex = 0; path = Pods_flixster.framework; sourceTree = BUILT_PRODUCTS_DIR; };
		E783B2602528280D00672192 /* flixster.gif */ = {isa = PBXFileReference; lastKnownFileType = image.gif; name = flixster.gif; path = ../../flixster.gif; sourceTree = "<group>"; };
		E783B26525282B7700672192 /* flixster2.gif */ = {isa = PBXFileReference; lastKnownFileType = image.gif; name = flixster2.gif; path = ../../../Downloads/flixster2.gif; sourceTree = "<group>"; };
		E7A2BD372522521200AF28AB /* MovieGridViewController.swift */ = {isa = PBXFileReference; lastKnownFileType = sourcecode.swift; path = MovieGridViewController.swift; sourceTree = "<group>"; };
		E7A35A94251826B200ADA20A /* flixster.app */ = {isa = PBXFileReference; explicitFileType = wrapper.application; includeInIndex = 0; path = flixster.app; sourceTree = BUILT_PRODUCTS_DIR; };
		E7A35A97251826B200ADA20A /* AppDelegate.swift */ = {isa = PBXFileReference; lastKnownFileType = sourcecode.swift; path = AppDelegate.swift; sourceTree = "<group>"; };
		E7A35A99251826B200ADA20A /* SceneDelegate.swift */ = {isa = PBXFileReference; lastKnownFileType = sourcecode.swift; path = SceneDelegate.swift; sourceTree = "<group>"; };
		E7A35A9E251826B200ADA20A /* Base */ = {isa = PBXFileReference; lastKnownFileType = file.storyboard; name = Base; path = Base.lproj/Main.storyboard; sourceTree = "<group>"; };
		E7A35AA0251826B400ADA20A /* Assets.xcassets */ = {isa = PBXFileReference; lastKnownFileType = folder.assetcatalog; path = Assets.xcassets; sourceTree = "<group>"; };
		E7A35AA3251826B400ADA20A /* Base */ = {isa = PBXFileReference; lastKnownFileType = file.storyboard; name = Base; path = Base.lproj/LaunchScreen.storyboard; sourceTree = "<group>"; };
		E7A35AA5251826B400ADA20A /* Info.plist */ = {isa = PBXFileReference; lastKnownFileType = text.plist.xml; path = Info.plist; sourceTree = "<group>"; };
		E7A35AAA251826B400ADA20A /* flixsterTests.xctest */ = {isa = PBXFileReference; explicitFileType = wrapper.cfbundle; includeInIndex = 0; path = flixsterTests.xctest; sourceTree = BUILT_PRODUCTS_DIR; };
		E7A35AAE251826B400ADA20A /* flixsterTests.swift */ = {isa = PBXFileReference; lastKnownFileType = sourcecode.swift; path = flixsterTests.swift; sourceTree = "<group>"; };
		E7A35AB0251826B400ADA20A /* Info.plist */ = {isa = PBXFileReference; lastKnownFileType = text.plist.xml; path = Info.plist; sourceTree = "<group>"; };
		E7A35AB5251826B400ADA20A /* flixsterUITests.xctest */ = {isa = PBXFileReference; explicitFileType = wrapper.cfbundle; includeInIndex = 0; path = flixsterUITests.xctest; sourceTree = BUILT_PRODUCTS_DIR; };
		E7A35AB9251826B400ADA20A /* flixsterUITests.swift */ = {isa = PBXFileReference; lastKnownFileType = sourcecode.swift; path = flixsterUITests.swift; sourceTree = "<group>"; };
		E7A35ABB251826B400ADA20A /* Info.plist */ = {isa = PBXFileReference; lastKnownFileType = text.plist.xml; path = Info.plist; sourceTree = "<group>"; };
		E7A35AC72518284B00ADA20A /* MoviesViewController.swift */ = {isa = PBXFileReference; lastKnownFileType = sourcecode.swift; path = MoviesViewController.swift; sourceTree = "<group>"; };
		E7A35ACD251843AF00ADA20A /* MovieCell.swift */ = {isa = PBXFileReference; lastKnownFileType = sourcecode.swift; path = MovieCell.swift; sourceTree = "<group>"; };
		E7AA00BC2521673100162175 /* MovieDetailsViewController.swift */ = {isa = PBXFileReference; lastKnownFileType = sourcecode.swift; path = MovieDetailsViewController.swift; sourceTree = "<group>"; };
		E7EC9313252256C200411BDC /* MovieGridCell.swift */ = {isa = PBXFileReference; lastKnownFileType = sourcecode.swift; path = MovieGridCell.swift; sourceTree = "<group>"; };
		E7EC9318252266CC00411BDC /* README.md */ = {isa = PBXFileReference; lastKnownFileType = net.daringfireball.markdown; path = README.md; sourceTree = "<group>"; };
		F6F9BD814DBFB4F0A097A7CC /* Pods-flixsterTests.release.xcconfig */ = {isa = PBXFileReference; includeInIndex = 1; lastKnownFileType = text.xcconfig; name = "Pods-flixsterTests.release.xcconfig"; path = "Target Support Files/Pods-flixsterTests/Pods-flixsterTests.release.xcconfig"; sourceTree = "<group>"; };
		FB6FDE3DFB4DFB5A5BDF118D /* Pods-flixster-flixsterUITests.release.xcconfig */ = {isa = PBXFileReference; includeInIndex = 1; lastKnownFileType = text.xcconfig; name = "Pods-flixster-flixsterUITests.release.xcconfig"; path = "Target Support Files/Pods-flixster-flixsterUITests/Pods-flixster-flixsterUITests.release.xcconfig"; sourceTree = "<group>"; };
/* End PBXFileReference section */

/* Begin PBXFrameworksBuildPhase section */
		E7A35A91251826B200ADA20A /* Frameworks */ = {
			isa = PBXFrameworksBuildPhase;
			buildActionMask = 2147483647;
			files = (
				81F442E2AF4F16BAD486708A /* Pods_flixster.framework in Frameworks */,
			);
			runOnlyForDeploymentPostprocessing = 0;
		};
		E7A35AA7251826B400ADA20A /* Frameworks */ = {
			isa = PBXFrameworksBuildPhase;
			buildActionMask = 2147483647;
			files = (
				D7DE04B81B0CD395512B46F6 /* Pods_flixsterTests.framework in Frameworks */,
			);
			runOnlyForDeploymentPostprocessing = 0;
		};
		E7A35AB2251826B400ADA20A /* Frameworks */ = {
			isa = PBXFrameworksBuildPhase;
			buildActionMask = 2147483647;
			files = (
				AB2EAAD68ED9F659B0112538 /* Pods_flixster_flixsterUITests.framework in Frameworks */,
			);
			runOnlyForDeploymentPostprocessing = 0;
		};
/* End PBXFrameworksBuildPhase section */

/* Begin PBXGroup section */
		48BC81DBE530D2C7610EB89B /* Pods */ = {
			isa = PBXGroup;
			children = (
				95708A13A79790B8A63FE83D /* Pods-flixster.debug.xcconfig */,
				61DC66E41D77526C5DB02D54 /* Pods-flixster.release.xcconfig */,
				308AEFEC4A3EAF929C150AA4 /* Pods-flixster-flixsterUITests.debug.xcconfig */,
				FB6FDE3DFB4DFB5A5BDF118D /* Pods-flixster-flixsterUITests.release.xcconfig */,
				335C10693AD98ADE506046BE /* Pods-flixsterTests.debug.xcconfig */,
				F6F9BD814DBFB4F0A097A7CC /* Pods-flixsterTests.release.xcconfig */,
			);
			path = Pods;
			sourceTree = "<group>";
		};
		DFB3E2562DA21BFB9338F35E /* Frameworks */ = {
			isa = PBXGroup;
			children = (
				9DEC4ACE16F90B030FCA923A /* Pods_flixster.framework */,
				8B9BCC9147E0C514695F2337 /* Pods_flixster_flixsterUITests.framework */,
				97D3DBEEB632D97ADE1F7C51 /* Pods_flixsterTests.framework */,
			);
			name = Frameworks;
			sourceTree = "<group>";
		};
		E7A35A8B251826B200ADA20A = {
			isa = PBXGroup;
			children = (
				E7A35A96251826B200ADA20A /* flixster */,
				E7A35AAD251826B400ADA20A /* flixsterTests */,
				E7A35AB8251826B400ADA20A /* flixsterUITests */,
				E7A35A95251826B200ADA20A /* Products */,
				48BC81DBE530D2C7610EB89B /* Pods */,
				DFB3E2562DA21BFB9338F35E /* Frameworks */,
			);
			sourceTree = "<group>";
		};
		E7A35A95251826B200ADA20A /* Products */ = {
			isa = PBXGroup;
			children = (
				E7A35A94251826B200ADA20A /* flixster.app */,
				E7A35AAA251826B400ADA20A /* flixsterTests.xctest */,
				E7A35AB5251826B400ADA20A /* flixsterUITests.xctest */,
			);
			name = Products;
			sourceTree = "<group>";
		};
		E7A35A96251826B200ADA20A /* flixster */ = {
			isa = PBXGroup;
			children = (
				E783B26525282B7700672192 /* flixster2.gif */,
				E783B2602528280D00672192 /* flixster.gif */,
				E7A35A97251826B200ADA20A /* AppDelegate.swift */,
				E7A35A99251826B200ADA20A /* SceneDelegate.swift */,
				E7A35A9D251826B200ADA20A /* Main.storyboard */,
				E7A35AA0251826B400ADA20A /* Assets.xcassets */,
				E7A35AA2251826B400ADA20A /* LaunchScreen.storyboard */,
				E7A35AA5251826B400ADA20A /* Info.plist */,
				E7A35ACD251843AF00ADA20A /* MovieCell.swift */,
				E7A35AC72518284B00ADA20A /* MoviesViewController.swift */,
				E7AA00BC2521673100162175 /* MovieDetailsViewController.swift */,
				E7A2BD372522521200AF28AB /* MovieGridViewController.swift */,
				E7EC9313252256C200411BDC /* MovieGridCell.swift */,
				E7EC9318252266CC00411BDC /* README.md */,
			);
			path = flixster;
			sourceTree = "<group>";
		};
		E7A35AAD251826B400ADA20A /* flixsterTests */ = {
			isa = PBXGroup;
			children = (
				E7A35AAE251826B400ADA20A /* flixsterTests.swift */,
				E7A35AB0251826B400ADA20A /* Info.plist */,
			);
			path = flixsterTests;
			sourceTree = "<group>";
		};
		E7A35AB8251826B400ADA20A /* flixsterUITests */ = {
			isa = PBXGroup;
			children = (
				E7A35AB9251826B400ADA20A /* flixsterUITests.swift */,
				E7A35ABB251826B400ADA20A /* Info.plist */,
			);
			path = flixsterUITests;
			sourceTree = "<group>";
		};
/* End PBXGroup section */

/* Begin PBXNativeTarget section */
		E7A35A93251826B200ADA20A /* flixster */ = {
			isa = PBXNativeTarget;
			buildConfigurationList = E7A35ABE251826B400ADA20A /* Build configuration list for PBXNativeTarget "flixster" */;
			buildPhases = (
				3E35F4B63AC93D25890B1CA1 /* [CP] Check Pods Manifest.lock */,
				E7A35A90251826B200ADA20A /* Sources */,
				E7A35A91251826B200ADA20A /* Frameworks */,
				E7A35A92251826B200ADA20A /* Resources */,
				C8C9C7EC4BDA0CF0A9845773 /* [CP] Embed Pods Frameworks */,
			);
			buildRules = (
			);
			dependencies = (
			);
			name = flixster;
			productName = flixster;
			productReference = E7A35A94251826B200ADA20A /* flixster.app */;
			productType = "com.apple.product-type.application";
		};
		E7A35AA9251826B400ADA20A /* flixsterTests */ = {
			isa = PBXNativeTarget;
			buildConfigurationList = E7A35AC1251826B400ADA20A /* Build configuration list for PBXNativeTarget "flixsterTests" */;
			buildPhases = (
				28DBD8D2E0836FEAAE5E209D /* [CP] Check Pods Manifest.lock */,
				E7A35AA6251826B400ADA20A /* Sources */,
				E7A35AA7251826B400ADA20A /* Frameworks */,
				E7A35AA8251826B400ADA20A /* Resources */,
			);
			buildRules = (
			);
			dependencies = (
				E7A35AAC251826B400ADA20A /* PBXTargetDependency */,
			);
			name = flixsterTests;
			productName = flixsterTests;
			productReference = E7A35AAA251826B400ADA20A /* flixsterTests.xctest */;
			productType = "com.apple.product-type.bundle.unit-test";
		};
		E7A35AB4251826B400ADA20A /* flixsterUITests */ = {
			isa = PBXNativeTarget;
			buildConfigurationList = E7A35AC4251826B400ADA20A /* Build configuration list for PBXNativeTarget "flixsterUITests" */;
			buildPhases = (
				63C616717C19EA26BDF7D8D8 /* [CP] Check Pods Manifest.lock */,
				E7A35AB1251826B400ADA20A /* Sources */,
				E7A35AB2251826B400ADA20A /* Frameworks */,
				E7A35AB3251826B400ADA20A /* Resources */,
				2B2038E1A8B40D44B3DED0D8 /* [CP] Embed Pods Frameworks */,
			);
			buildRules = (
			);
			dependencies = (
				E7A35AB7251826B400ADA20A /* PBXTargetDependency */,
			);
			name = flixsterUITests;
			productName = flixsterUITests;
			productReference = E7A35AB5251826B400ADA20A /* flixsterUITests.xctest */;
			productType = "com.apple.product-type.bundle.ui-testing";
		};
/* End PBXNativeTarget section */

/* Begin PBXProject section */
		E7A35A8C251826B200ADA20A /* Project object */ = {
			isa = PBXProject;
			attributes = {
				LastSwiftUpdateCheck = 1160;
				LastUpgradeCheck = 1160;
				ORGANIZATIONNAME = "kaluasnake@gmail";
				TargetAttributes = {
					E7A35A93251826B200ADA20A = {
						CreatedOnToolsVersion = 11.6;
					};
					E7A35AA9251826B400ADA20A = {
						CreatedOnToolsVersion = 11.6;
						TestTargetID = E7A35A93251826B200ADA20A;
					};
					E7A35AB4251826B400ADA20A = {
						CreatedOnToolsVersion = 11.6;
						TestTargetID = E7A35A93251826B200ADA20A;
					};
				};
			};
			buildConfigurationList = E7A35A8F251826B200ADA20A /* Build configuration list for PBXProject "flixster" */;
			compatibilityVersion = "Xcode 9.3";
			developmentRegion = en;
			hasScannedForEncodings = 0;
			knownRegions = (
				en,
				Base,
			);
			mainGroup = E7A35A8B251826B200ADA20A;
			productRefGroup = E7A35A95251826B200ADA20A /* Products */;
			projectDirPath = "";
			projectRoot = "";
			targets = (
				E7A35A93251826B200ADA20A /* flixster */,
				E7A35AA9251826B400ADA20A /* flixsterTests */,
				E7A35AB4251826B400ADA20A /* flixsterUITests */,
			);
		};
/* End PBXProject section */

/* Begin PBXResourcesBuildPhase section */
		E7A35A92251826B200ADA20A /* Resources */ = {
			isa = PBXResourcesBuildPhase;
			buildActionMask = 2147483647;
			files = (
				E7A35AA4251826B400ADA20A /* LaunchScreen.storyboard in Resources */,
				E783B2612528280D00672192 /* flixster.gif in Resources */,
				E7A35AA1251826B400ADA20A /* Assets.xcassets in Resources */,
				E783B26625282B7700672192 /* flixster2.gif in Resources */,
				E7A35A9F251826B200ADA20A /* Main.storyboard in Resources */,
			);
			runOnlyForDeploymentPostprocessing = 0;
		};
		E7A35AA8251826B400ADA20A /* Resources */ = {
			isa = PBXResourcesBuildPhase;
			buildActionMask = 2147483647;
			files = (
			);
			runOnlyForDeploymentPostprocessing = 0;
		};
		E7A35AB3251826B400ADA20A /* Resources */ = {
			isa = PBXResourcesBuildPhase;
			buildActionMask = 2147483647;
			files = (
			);
			runOnlyForDeploymentPostprocessing = 0;
		};
/* End PBXResourcesBuildPhase section */

/* Begin PBXShellScriptBuildPhase section */
		28DBD8D2E0836FEAAE5E209D /* [CP] Check Pods Manifest.lock */ = {
			isa = PBXShellScriptBuildPhase;
			buildActionMask = 2147483647;
			files = (
			);
			inputFileListPaths = (
			);
			inputPaths = (
				"${PODS_PODFILE_DIR_PATH}/Podfile.lock",
				"${PODS_ROOT}/Manifest.lock",
			);
			name = "[CP] Check Pods Manifest.lock";
			outputFileListPaths = (
			);
			outputPaths = (
				"$(DERIVED_FILE_DIR)/Pods-flixsterTests-checkManifestLockResult.txt",
			);
			runOnlyForDeploymentPostprocessing = 0;
			shellPath = /bin/sh;
			shellScript = "diff \"${PODS_PODFILE_DIR_PATH}/Podfile.lock\" \"${PODS_ROOT}/Manifest.lock\" > /dev/null\nif [ $? != 0 ] ; then\n    # print error to STDERR\n    echo \"error: The sandbox is not in sync with the Podfile.lock. Run 'pod install' or update your CocoaPods installation.\" >&2\n    exit 1\nfi\n# This output is used by Xcode 'outputs' to avoid re-running this script phase.\necho \"SUCCESS\" > \"${SCRIPT_OUTPUT_FILE_0}\"\n";
			showEnvVarsInLog = 0;
		};
		2B2038E1A8B40D44B3DED0D8 /* [CP] Embed Pods Frameworks */ = {
			isa = PBXShellScriptBuildPhase;
			buildActionMask = 2147483647;
			files = (
			);
			inputFileListPaths = (
				"${PODS_ROOT}/Target Support Files/Pods-flixster-flixsterUITests/Pods-flixster-flixsterUITests-frameworks-${CONFIGURATION}-input-files.xcfilelist",
			);
			name = "[CP] Embed Pods Frameworks";
			outputFileListPaths = (
				"${PODS_ROOT}/Target Support Files/Pods-flixster-flixsterUITests/Pods-flixster-flixsterUITests-frameworks-${CONFIGURATION}-output-files.xcfilelist",
			);
			runOnlyForDeploymentPostprocessing = 0;
			shellPath = /bin/sh;
			shellScript = "\"${PODS_ROOT}/Target Support Files/Pods-flixster-flixsterUITests/Pods-flixster-flixsterUITests-frameworks.sh\"\n";
			showEnvVarsInLog = 0;
		};
		3E35F4B63AC93D25890B1CA1 /* [CP] Check Pods Manifest.lock */ = {
			isa = PBXShellScriptBuildPhase;
			buildActionMask = 2147483647;
			files = (
			);
			inputFileListPaths = (
			);
			inputPaths = (
				"${PODS_PODFILE_DIR_PATH}/Podfile.lock",
				"${PODS_ROOT}/Manifest.lock",
			);
			name = "[CP] Check Pods Manifest.lock";
			outputFileListPaths = (
			);
			outputPaths = (
				"$(DERIVED_FILE_DIR)/Pods-flixster-checkManifestLockResult.txt",
			);
			runOnlyForDeploymentPostprocessing = 0;
			shellPath = /bin/sh;
			shellScript = "diff \"${PODS_PODFILE_DIR_PATH}/Podfile.lock\" \"${PODS_ROOT}/Manifest.lock\" > /dev/null\nif [ $? != 0 ] ; then\n    # print error to STDERR\n    echo \"error: The sandbox is not in sync with the Podfile.lock. Run 'pod install' or update your CocoaPods installation.\" >&2\n    exit 1\nfi\n# This output is used by Xcode 'outputs' to avoid re-running this script phase.\necho \"SUCCESS\" > \"${SCRIPT_OUTPUT_FILE_0}\"\n";
			showEnvVarsInLog = 0;
		};
		63C616717C19EA26BDF7D8D8 /* [CP] Check Pods Manifest.lock */ = {
			isa = PBXShellScriptBuildPhase;
			buildActionMask = 2147483647;
			files = (
			);
			inputFileListPaths = (
			);
			inputPaths = (
				"${PODS_PODFILE_DIR_PATH}/Podfile.lock",
				"${PODS_ROOT}/Manifest.lock",
			);
			name = "[CP] Check Pods Manifest.lock";
			outputFileListPaths = (
			);
			outputPaths = (
				"$(DERIVED_FILE_DIR)/Pods-flixster-flixsterUITests-checkManifestLockResult.txt",
			);
			runOnlyForDeploymentPostprocessing = 0;
			shellPath = /bin/sh;
			shellScript = "diff \"${PODS_PODFILE_DIR_PATH}/Podfile.lock\" \"${PODS_ROOT}/Manifest.lock\" > /dev/null\nif [ $? != 0 ] ; then\n    # print error to STDERR\n    echo \"error: The sandbox is not in sync with the Podfile.lock. Run 'pod install' or update your CocoaPods installation.\" >&2\n    exit 1\nfi\n# This output is used by Xcode 'outputs' to avoid re-running this script phase.\necho \"SUCCESS\" > \"${SCRIPT_OUTPUT_FILE_0}\"\n";
			showEnvVarsInLog = 0;
		};
		C8C9C7EC4BDA0CF0A9845773 /* [CP] Embed Pods Frameworks */ = {
			isa = PBXShellScriptBuildPhase;
			buildActionMask = 2147483647;
			files = (
			);
			inputFileListPaths = (
				"${PODS_ROOT}/Target Support Files/Pods-flixster/Pods-flixster-frameworks-${CONFIGURATION}-input-files.xcfilelist",
			);
			name = "[CP] Embed Pods Frameworks";
			outputFileListPaths = (
				"${PODS_ROOT}/Target Support Files/Pods-flixster/Pods-flixster-frameworks-${CONFIGURATION}-output-files.xcfilelist",
			);
			runOnlyForDeploymentPostprocessing = 0;
			shellPath = /bin/sh;
			shellScript = "\"${PODS_ROOT}/Target Support Files/Pods-flixster/Pods-flixster-frameworks.sh\"\n";
			showEnvVarsInLog = 0;
		};
/* End PBXShellScriptBuildPhase section */

/* Begin PBXSourcesBuildPhase section */
		E7A35A90251826B200ADA20A /* Sources */ = {
			isa = PBXSourcesBuildPhase;
			buildActionMask = 2147483647;
			files = (
				E7AA00BD2521673100162175 /* MovieDetailsViewController.swift in Sources */,
				E7A35A98251826B200ADA20A /* AppDelegate.swift in Sources */,
				E7A35A9A251826B200ADA20A /* SceneDelegate.swift in Sources */,
				E7A35ACE251843AF00ADA20A /* MovieCell.swift in Sources */,
				E7A35AC82518284B00ADA20A /* MoviesViewController.swift in Sources */,
				E7A2BD382522521200AF28AB /* MovieGridViewController.swift in Sources */,
				E7EC9314252256C200411BDC /* MovieGridCell.swift in Sources */,
			);
			runOnlyForDeploymentPostprocessing = 0;
		};
		E7A35AA6251826B400ADA20A /* Sources */ = {
			isa = PBXSourcesBuildPhase;
			buildActionMask = 2147483647;
			files = (
				E7A35AAF251826B400ADA20A /* flixsterTests.swift in Sources */,
			);
			runOnlyForDeploymentPostprocessing = 0;
		};
		E7A35AB1251826B400ADA20A /* Sources */ = {
			isa = PBXSourcesBuildPhase;
			buildActionMask = 2147483647;
			files = (
				E7A35ABA251826B400ADA20A /* flixsterUITests.swift in Sources */,
			);
			runOnlyForDeploymentPostprocessing = 0;
		};
/* End PBXSourcesBuildPhase section */

/* Begin PBXTargetDependency section */
		E7A35AAC251826B400ADA20A /* PBXTargetDependency */ = {
			isa = PBXTargetDependency;
			target = E7A35A93251826B200ADA20A /* flixster */;
			targetProxy = E7A35AAB251826B400ADA20A /* PBXContainerItemProxy */;
		};
		E7A35AB7251826B400ADA20A /* PBXTargetDependency */ = {
			isa = PBXTargetDependency;
			target = E7A35A93251826B200ADA20A /* flixster */;
			targetProxy = E7A35AB6251826B400ADA20A /* PBXContainerItemProxy */;
		};
/* End PBXTargetDependency section */

/* Begin PBXVariantGroup section */
		E7A35A9D251826B200ADA20A /* Main.storyboard */ = {
			isa = PBXVariantGroup;
			children = (
				E7A35A9E251826B200ADA20A /* Base */,
			);
			name = Main.storyboard;
			sourceTree = "<group>";
		};
		E7A35AA2251826B400ADA20A /* LaunchScreen.storyboard */ = {
			isa = PBXVariantGroup;
			children = (
				E7A35AA3251826B400ADA20A /* Base */,
			);
			name = LaunchScreen.storyboard;
			sourceTree = "<group>";
		};
/* End PBXVariantGroup section */

/* Begin XCBuildConfiguration section */
		E7A35ABC251826B400ADA20A /* Debug */ = {
			isa = XCBuildConfiguration;
			buildSettings = {
				ALWAYS_SEARCH_USER_PATHS = NO;
				CLANG_ANALYZER_NONNULL = YES;
				CLANG_ANALYZER_NUMBER_OBJECT_CONVERSION = YES_AGGRESSIVE;
				CLANG_CXX_LANGUAGE_STANDARD = "gnu++14";
				CLANG_CXX_LIBRARY = "libc++";
				CLANG_ENABLE_MODULES = YES;
				CLANG_ENABLE_OBJC_ARC = YES;
				CLANG_ENABLE_OBJC_WEAK = YES;
				CLANG_WARN_BLOCK_CAPTURE_AUTORELEASING = YES;
				CLANG_WARN_BOOL_CONVERSION = YES;
				CLANG_WARN_COMMA = YES;
				CLANG_WARN_CONSTANT_CONVERSION = YES;
				CLANG_WARN_DEPRECATED_OBJC_IMPLEMENTATIONS = YES;
				CLANG_WARN_DIRECT_OBJC_ISA_USAGE = YES_ERROR;
				CLANG_WARN_DOCUMENTATION_COMMENTS = YES;
				CLANG_WARN_EMPTY_BODY = YES;
				CLANG_WARN_ENUM_CONVERSION = YES;
				CLANG_WARN_INFINITE_RECURSION = YES;
				CLANG_WARN_INT_CONVERSION = YES;
				CLANG_WARN_NON_LITERAL_NULL_CONVERSION = YES;
				CLANG_WARN_OBJC_IMPLICIT_RETAIN_SELF = YES;
				CLANG_WARN_OBJC_LITERAL_CONVERSION = YES;
				CLANG_WARN_OBJC_ROOT_CLASS = YES_ERROR;
				CLANG_WARN_RANGE_LOOP_ANALYSIS = YES;
				CLANG_WARN_STRICT_PROTOTYPES = YES;
				CLANG_WARN_SUSPICIOUS_MOVE = YES;
				CLANG_WARN_UNGUARDED_AVAILABILITY = YES_AGGRESSIVE;
				CLANG_WARN_UNREACHABLE_CODE = YES;
				CLANG_WARN__DUPLICATE_METHOD_MATCH = YES;
				COPY_PHASE_STRIP = NO;
				DEBUG_INFORMATION_FORMAT = dwarf;
				ENABLE_STRICT_OBJC_MSGSEND = YES;
				ENABLE_TESTABILITY = YES;
				GCC_C_LANGUAGE_STANDARD = gnu11;
				GCC_DYNAMIC_NO_PIC = NO;
				GCC_NO_COMMON_BLOCKS = YES;
				GCC_OPTIMIZATION_LEVEL = 0;
				GCC_PREPROCESSOR_DEFINITIONS = (
					"DEBUG=1",
					"$(inherited)",
				);
				GCC_WARN_64_TO_32_BIT_CONVERSION = YES;
				GCC_WARN_ABOUT_RETURN_TYPE = YES_ERROR;
				GCC_WARN_UNDECLARED_SELECTOR = YES;
				GCC_WARN_UNINITIALIZED_AUTOS = YES_AGGRESSIVE;
				GCC_WARN_UNUSED_FUNCTION = YES;
				GCC_WARN_UNUSED_VARIABLE = YES;
				IPHONEOS_DEPLOYMENT_TARGET = 13.6;
				MTL_ENABLE_DEBUG_INFO = INCLUDE_SOURCE;
				MTL_FAST_MATH = YES;
				ONLY_ACTIVE_ARCH = YES;
				SDKROOT = iphoneos;
				SWIFT_ACTIVE_COMPILATION_CONDITIONS = DEBUG;
				SWIFT_OPTIMIZATION_LEVEL = "-Onone";
			};
			name = Debug;
		};
		E7A35ABD251826B400ADA20A /* Release */ = {
			isa = XCBuildConfiguration;
			buildSettings = {
				ALWAYS_SEARCH_USER_PATHS = NO;
				CLANG_ANALYZER_NONNULL = YES;
				CLANG_ANALYZER_NUMBER_OBJECT_CONVERSION = YES_AGGRESSIVE;
				CLANG_CXX_LANGUAGE_STANDARD = "gnu++14";
				CLANG_CXX_LIBRARY = "libc++";
				CLANG_ENABLE_MODULES = YES;
				CLANG_ENABLE_OBJC_ARC = YES;
				CLANG_ENABLE_OBJC_WEAK = YES;
				CLANG_WARN_BLOCK_CAPTURE_AUTORELEASING = YES;
				CLANG_WARN_BOOL_CONVERSION = YES;
				CLANG_WARN_COMMA = YES;
				CLANG_WARN_CONSTANT_CONVERSION = YES;
				CLANG_WARN_DEPRECATED_OBJC_IMPLEMENTATIONS = YES;
				CLANG_WARN_DIRECT_OBJC_ISA_USAGE = YES_ERROR;
				CLANG_WARN_DOCUMENTATION_COMMENTS = YES;
				CLANG_WARN_EMPTY_BODY = YES;
				CLANG_WARN_ENUM_CONVERSION = YES;
				CLANG_WARN_INFINITE_RECURSION = YES;
				CLANG_WARN_INT_CONVERSION = YES;
				CLANG_WARN_NON_LITERAL_NULL_CONVERSION = YES;
				CLANG_WARN_OBJC_IMPLICIT_RETAIN_SELF = YES;
				CLANG_WARN_OBJC_LITERAL_CONVERSION = YES;
				CLANG_WARN_OBJC_ROOT_CLASS = YES_ERROR;
				CLANG_WARN_RANGE_LOOP_ANALYSIS = YES;
				CLANG_WARN_STRICT_PROTOTYPES = YES;
				CLANG_WARN_SUSPICIOUS_MOVE = YES;
				CLANG_WARN_UNGUARDED_AVAILABILITY = YES_AGGRESSIVE;
				CLANG_WARN_UNREACHABLE_CODE = YES;
				CLANG_WARN__DUPLICATE_METHOD_MATCH = YES;
				COPY_PHASE_STRIP = NO;
				DEBUG_INFORMATION_FORMAT = "dwarf-with-dsym";
				ENABLE_NS_ASSERTIONS = NO;
				ENABLE_STRICT_OBJC_MSGSEND = YES;
				GCC_C_LANGUAGE_STANDARD = gnu11;
				GCC_NO_COMMON_BLOCKS = YES;
				GCC_WARN_64_TO_32_BIT_CONVERSION = YES;
				GCC_WARN_ABOUT_RETURN_TYPE = YES_ERROR;
				GCC_WARN_UNDECLARED_SELECTOR = YES;
				GCC_WARN_UNINITIALIZED_AUTOS = YES_AGGRESSIVE;
				GCC_WARN_UNUSED_FUNCTION = YES;
				GCC_WARN_UNUSED_VARIABLE = YES;
				IPHONEOS_DEPLOYMENT_TARGET = 13.6;
				MTL_ENABLE_DEBUG_INFO = NO;
				MTL_FAST_MATH = YES;
				SDKROOT = iphoneos;
				SWIFT_COMPILATION_MODE = wholemodule;
				SWIFT_OPTIMIZATION_LEVEL = "-O";
				VALIDATE_PRODUCT = YES;
			};
			name = Release;
		};
		E7A35ABF251826B400ADA20A /* Debug */ = {
			isa = XCBuildConfiguration;
			baseConfigurationReference = 95708A13A79790B8A63FE83D /* Pods-flixster.debug.xcconfig */;
			buildSettings = {
				ASSETCATALOG_COMPILER_APPICON_NAME = AppIcon;
				CODE_SIGN_STYLE = Automatic;
				DEVELOPMENT_TEAM = WZPPD4FWUX;
				INFOPLIST_FILE = flixster/Info.plist;
				LD_RUNPATH_SEARCH_PATHS = (
					"$(inherited)",
					"@executable_path/Frameworks",
				);
				PRODUCT_BUNDLE_IDENTIFIER = com.flixtering;
				PRODUCT_NAME = "$(TARGET_NAME)";
				SWIFT_VERSION = 5.0;
				TARGETED_DEVICE_FAMILY = "1,2";
			};
			name = Debug;
		};
		E7A35AC0251826B400ADA20A /* Release */ = {
			isa = XCBuildConfiguration;
			baseConfigurationReference = 61DC66E41D77526C5DB02D54 /* Pods-flixster.release.xcconfig */;
			buildSettings = {
				ASSETCATALOG_COMPILER_APPICON_NAME = AppIcon;
				CODE_SIGN_STYLE = Automatic;
				DEVELOPMENT_TEAM = WZPPD4FWUX;
				INFOPLIST_FILE = flixster/Info.plist;
				LD_RUNPATH_SEARCH_PATHS = (
					"$(inherited)",
					"@executable_path/Frameworks",
				);
				PRODUCT_BUNDLE_IDENTIFIER = com.flixtering;
				PRODUCT_NAME = "$(TARGET_NAME)";
				SWIFT_VERSION = 5.0;
				TARGETED_DEVICE_FAMILY = "1,2";
			};
			name = Release;
		};
		E7A35AC2251826B400ADA20A /* Debug */ = {
			isa = XCBuildConfiguration;
			baseConfigurationReference = 335C10693AD98ADE506046BE /* Pods-flixsterTests.debug.xcconfig */;
			buildSettings = {
				ALWAYS_EMBED_SWIFT_STANDARD_LIBRARIES = YES;
				BUNDLE_LOADER = "$(TEST_HOST)";
				CODE_SIGN_STYLE = Automatic;
				INFOPLIST_FILE = flixsterTests/Info.plist;
				IPHONEOS_DEPLOYMENT_TARGET = 13.6;
				LD_RUNPATH_SEARCH_PATHS = (
					"$(inherited)",
					"@executable_path/Frameworks",
					"@loader_path/Frameworks",
				);
				PRODUCT_BUNDLE_IDENTIFIER = com.flixsterTests;
				PRODUCT_NAME = "$(TARGET_NAME)";
				SWIFT_VERSION = 5.0;
				TARGETED_DEVICE_FAMILY = "1,2";
				TEST_HOST = "$(BUILT_PRODUCTS_DIR)/flixster.app/flixster";
			};
			name = Debug;
		};
		E7A35AC3251826B400ADA20A /* Release */ = {
			isa = XCBuildConfiguration;
			baseConfigurationReference = F6F9BD814DBFB4F0A097A7CC /* Pods-flixsterTests.release.xcconfig */;
			buildSettings = {
				ALWAYS_EMBED_SWIFT_STANDARD_LIBRARIES = YES;
				BUNDLE_LOADER = "$(TEST_HOST)";
				CODE_SIGN_STYLE = Automatic;
				INFOPLIST_FILE = flixsterTests/Info.plist;
				IPHONEOS_DEPLOYMENT_TARGET = 13.6;
				LD_RUNPATH_SEARCH_PATHS = (
					"$(inherited)",
					"@executable_path/Frameworks",
					"@loader_path/Frameworks",
				);
				PRODUCT_BUNDLE_IDENTIFIER = com.flixsterTests;
				PRODUCT_NAME = "$(TARGET_NAME)";
				SWIFT_VERSION = 5.0;
				TARGETED_DEVICE_FAMILY = "1,2";
				TEST_HOST = "$(BUILT_PRODUCTS_DIR)/flixster.app/flixster";
			};
			name = Release;
		};
		E7A35AC5251826B400ADA20A /* Debug */ = {
			isa = XCBuildConfiguration;
			baseConfigurationReference = 308AEFEC4A3EAF929C150AA4 /* Pods-flixster-flixsterUITests.debug.xcconfig */;
			buildSettings = {
				ALWAYS_EMBED_SWIFT_STANDARD_LIBRARIES = YES;
				CODE_SIGN_STYLE = Automatic;
				INFOPLIST_FILE = flixsterUITests/Info.plist;
				LD_RUNPATH_SEARCH_PATHS = (
					"$(inherited)",
					"@executable_path/Frameworks",
					"@loader_path/Frameworks",
				);
				PRODUCT_BUNDLE_IDENTIFIER = com.flixsterUITests;
				PRODUCT_NAME = "$(TARGET_NAME)";
				SWIFT_VERSION = 5.0;
				TARGETED_DEVICE_FAMILY = "1,2";
				TEST_TARGET_NAME = flixster;
			};
			name = Debug;
		};
		E7A35AC6251826B400ADA20A /* Release */ = {
			isa = XCBuildConfiguration;
			baseConfigurationReference = FB6FDE3DFB4DFB5A5BDF118D /* Pods-flixster-flixsterUITests.release.xcconfig */;
			buildSettings = {
				ALWAYS_EMBED_SWIFT_STANDARD_LIBRARIES = YES;
				CODE_SIGN_STYLE = Automatic;
				INFOPLIST_FILE = flixsterUITests/Info.plist;
				LD_RUNPATH_SEARCH_PATHS = (
					"$(inherited)",
					"@executable_path/Frameworks",
					"@loader_path/Frameworks",
				);
				PRODUCT_BUNDLE_IDENTIFIER = com.flixsterUITests;
				PRODUCT_NAME = "$(TARGET_NAME)";
				SWIFT_VERSION = 5.0;
				TARGETED_DEVICE_FAMILY = "1,2";
				TEST_TARGET_NAME = flixster;
			};
			name = Release;
		};
/* End XCBuildConfiguration section */

/* Begin XCConfigurationList section */
		E7A35A8F251826B200ADA20A /* Build configuration list for PBXProject "flixster" */ = {
			isa = XCConfigurationList;
			buildConfigurations = (
				E7A35ABC251826B400ADA20A /* Debug */,
				E7A35ABD251826B400ADA20A /* Release */,
			);
			defaultConfigurationIsVisible = 0;
			defaultConfigurationName = Release;
		};
		E7A35ABE251826B400ADA20A /* Build configuration list for PBXNativeTarget "flixster" */ = {
			isa = XCConfigurationList;
			buildConfigurations = (
				E7A35ABF251826B400ADA20A /* Debug */,
				E7A35AC0251826B400ADA20A /* Release */,
			);
			defaultConfigurationIsVisible = 0;
			defaultConfigurationName = Release;
		};
		E7A35AC1251826B400ADA20A /* Build configuration list for PBXNativeTarget "flixsterTests" */ = {
			isa = XCConfigurationList;
			buildConfigurations = (
				E7A35AC2251826B400ADA20A /* Debug */,
				E7A35AC3251826B400ADA20A /* Release */,
			);
			defaultConfigurationIsVisible = 0;
			defaultConfigurationName = Release;
		};
		E7A35AC4251826B400ADA20A /* Build configuration list for PBXNativeTarget "flixsterUITests" */ = {
			isa = XCConfigurationList;
			buildConfigurations = (
				E7A35AC5251826B400ADA20A /* Debug */,
				E7A35AC6251826B400ADA20A /* Release */,
			);
			defaultConfigurationIsVisible = 0;
			defaultConfigurationName = Release;
		};
/* End XCConfigurationList section */
	};
	rootObject = E7A35A8C251826B200ADA20A /* Project object */;
}
